// !$*UTF8*$!
{
	archiveVersion = 1;
	classes = {
	};
	objectVersion = 50;
	objects = {

/* Begin PBXBuildFile section */
		F1143E932565BD730065C9EA /* SF-Compact-Display-Regular.otf in Resources */ = {isa = PBXBuildFile; fileRef = F1143E922565BD730065C9EA /* SF-Compact-Display-Regular.otf */; };
		F1143E982565BE030065C9EA /* SF-Pro-Text-Light.otf in Resources */ = {isa = PBXBuildFile; fileRef = F1143E972565BE030065C9EA /* SF-Pro-Text-Light.otf */; };
		F1143E9D2565BEC60065C9EA /* SF-Pro-Text-Regular.otf in Resources */ = {isa = PBXBuildFile; fileRef = F1143E9C2565BEC60065C9EA /* SF-Pro-Text-Regular.otf */; };
		F1143EA22565BF0C0065C9EA /* SF-Pro-Display-Medium.otf in Resources */ = {isa = PBXBuildFile; fileRef = F1143EA12565BF0C0065C9EA /* SF-Pro-Display-Medium.otf */; };
		F1143EA825666FF20065C9EA /* Register.storyboard in Resources */ = {isa = PBXBuildFile; fileRef = F1143EA725666FF20065C9EA /* Register.storyboard */; };
		F1661D242563150000A91541 /* UITextFieldThemeExtension.swift in Sources */ = {isa = PBXBuildFile; fileRef = F1661D232563150000A91541 /* UITextFieldThemeExtension.swift */; };
		F1661D402563D9A100A91541 /* SF-Pro-Text-Semibold.otf in Resources */ = {isa = PBXBuildFile; fileRef = F1661D3F2563D9A100A91541 /* SF-Pro-Text-Semibold.otf */; };
		F1661D542563E05C00A91541 /* IGTextField.swift in Sources */ = {isa = PBXBuildFile; fileRef = F1661D532563E05C00A91541 /* IGTextField.swift */; };
		F1661D5E2563E23600A91541 /* SF-Pro-Display-Regular.otf in Resources */ = {isa = PBXBuildFile; fileRef = F1661D5B2563E23600A91541 /* SF-Pro-Display-Regular.otf */; };
		F1661D5F2563E23600A91541 /* SF-Pro-Display-Semibold.otf in Resources */ = {isa = PBXBuildFile; fileRef = F1661D5C2563E23600A91541 /* SF-Pro-Display-Semibold.otf */; };
		F1661D602563E23600A91541 /* SF-Pro-Text-Medium.otf in Resources */ = {isa = PBXBuildFile; fileRef = F1661D5D2563E23600A91541 /* SF-Pro-Text-Medium.otf */; };
		F19C767925694F1D006E38B9 /* RegisterCountryList.storyboard in Resources */ = {isa = PBXBuildFile; fileRef = F19C767825694F1D006E38B9 /* RegisterCountryList.storyboard */; };
		F19C768125694F2E006E38B9 /* RegisterCountryListViewController.swift in Sources */ = {isa = PBXBuildFile; fileRef = F19C768025694F2E006E38B9 /* RegisterCountryListViewController.swift */; };
		F19C768625694F99006E38B9 /* RegisterCountryListViewModel.swift in Sources */ = {isa = PBXBuildFile; fileRef = F19C768525694F99006E38B9 /* RegisterCountryListViewModel.swift */; };
		F19C768B25695005006E38B9 /* RegisterCountryListViewModelDelegate.swift in Sources */ = {isa = PBXBuildFile; fileRef = F19C768A25695005006E38B9 /* RegisterCountryListViewModelDelegate.swift */; };
		F19C769025695117006E38B9 /* RegisterCountryPresenter.swift in Sources */ = {isa = PBXBuildFile; fileRef = F19C768F25695117006E38B9 /* RegisterCountryPresenter.swift */; };
		F19C7695256AAC97006E38B9 /* UITableViewExtension.swift in Sources */ = {isa = PBXBuildFile; fileRef = F19C7694256AAC97006E38B9 /* UITableViewExtension.swift */; };
		F19C769C256ADBAC006E38B9 /* Resource.swift in Sources */ = {isa = PBXBuildFile; fileRef = F19C769B256ADBAC006E38B9 /* Resource.swift */; };
		F19C76A6256ADCA9006E38B9 /* Mapper.swift in Sources */ = {isa = PBXBuildFile; fileRef = F19C76A5256ADCA9006E38B9 /* Mapper.swift */; };
		F19C76AF256ADD54006E38B9 /* CountryListResponseModel.swift in Sources */ = {isa = PBXBuildFile; fileRef = F19C76AE256ADD54006E38B9 /* CountryListResponseModel.swift */; };
		F19C76B7256ADD83006E38B9 /* CountryModel.swift in Sources */ = {isa = PBXBuildFile; fileRef = F19C76B6256ADD83006E38B9 /* CountryModel.swift */; };
		F19C76BC256ADDC7006E38B9 /* CountryList.json in Resources */ = {isa = PBXBuildFile; fileRef = F19C76BB256ADDC7006E38B9 /* CountryList.json */; };
		F19C76C9256AE110006E38B9 /* RegisterCountryListHeaderFooterView.swift in Sources */ = {isa = PBXBuildFile; fileRef = F19C76C8256AE110006E38B9 /* RegisterCountryListHeaderFooterView.swift */; };
		F19C76D6256AE145006E38B9 /* RegisterCountryListHeaderFooterView.xib in Resources */ = {isa = PBXBuildFile; fileRef = F19C76D5256AE145006E38B9 /* RegisterCountryListHeaderFooterView.xib */; };
		F19C76DC256AE1E4006E38B9 /* RegisterCountryListTableViewCell.swift in Sources */ = {isa = PBXBuildFile; fileRef = F19C76DA256AE1E3006E38B9 /* RegisterCountryListTableViewCell.swift */; };
		F19C76DD256AE1E4006E38B9 /* RegisterCountryListTableViewCell.xib in Resources */ = {isa = PBXBuildFile; fileRef = F19C76DB256AE1E3006E38B9 /* RegisterCountryListTableViewCell.xib */; };
		F19C76E3256C6639006E38B9 /* RegisterCountryListDelegate.swift in Sources */ = {isa = PBXBuildFile; fileRef = F19C76E2256C6639006E38B9 /* RegisterCountryListDelegate.swift */; };
		F1B374BD25617407002B4015 /* LoginViewController.swift in Sources */ = {isa = PBXBuildFile; fileRef = F1B374BC25617407002B4015 /* LoginViewController.swift */; };
		F1B374C225617426002B4015 /* Login.storyboard in Resources */ = {isa = PBXBuildFile; fileRef = F1B374C125617426002B4015 /* Login.storyboard */; };
		F1B374C72561743D002B4015 /* LoginViewModel.swift in Sources */ = {isa = PBXBuildFile; fileRef = F1B374C62561743D002B4015 /* LoginViewModel.swift */; };
		F1B374CC25617454002B4015 /* LoginViewModelDelegate.swift in Sources */ = {isa = PBXBuildFile; fileRef = F1B374CB25617454002B4015 /* LoginViewModelDelegate.swift */; };
		F1B374D725617F87002B4015 /* UILabelExtension.swift in Sources */ = {isa = PBXBuildFile; fileRef = F1B374D625617F87002B4015 /* UILabelExtension.swift */; };
		F1EEB7B32567D66600C84D35 /* RegisterViewController.swift in Sources */ = {isa = PBXBuildFile; fileRef = F1EEB7B22567D66600C84D35 /* RegisterViewController.swift */; };
		F1EEB7B82567D6E100C84D35 /* RegisterViewModel.swift in Sources */ = {isa = PBXBuildFile; fileRef = F1EEB7B72567D6E100C84D35 /* RegisterViewModel.swift */; };
		F1EEB7BD2567D74700C84D35 /* RegisterViewModelDelegate.swift in Sources */ = {isa = PBXBuildFile; fileRef = F1EEB7BC2567D74700C84D35 /* RegisterViewModelDelegate.swift */; };
		F1EEB7C32567EC9100C84D35 /* RegisterPhoneTextField.swift in Sources */ = {isa = PBXBuildFile; fileRef = F1EEB7C22567EC9100C84D35 /* RegisterPhoneTextField.swift */; };
		F1F836D6255DA4EA00CEC655 /* UIButtonExtension.swift in Sources */ = {isa = PBXBuildFile; fileRef = F1F836D5255DA4EA00CEC655 /* UIButtonExtension.swift */; };
		F1F836DB255DAF2200CEC655 /* UIButtonThemeExtension.swift in Sources */ = {isa = PBXBuildFile; fileRef = F1F836DA255DAF2200CEC655 /* UIButtonThemeExtension.swift */; };
		F1F836E9255DB1E200CEC655 /* OnboardViewModel.swift in Sources */ = {isa = PBXBuildFile; fileRef = F1F836E8255DB1E200CEC655 /* OnboardViewModel.swift */; };
		F1F836EE255DB26C00CEC655 /* OnboardViewModelDelegate.swift in Sources */ = {isa = PBXBuildFile; fileRef = F1F836ED255DB26C00CEC655 /* OnboardViewModelDelegate.swift */; };
		F1F836F7255DBB0900CEC655 /* LaunchScreen.storyboard in Resources */ = {isa = PBXBuildFile; fileRef = F1F836F5255DBB0900CEC655 /* LaunchScreen.storyboard */; };
		F1FE92C5255C834D00D75C8F /* AppDelegate.swift in Sources */ = {isa = PBXBuildFile; fileRef = F1FE92C4255C834D00D75C8F /* AppDelegate.swift */; };
		F1FE92C7255C834D00D75C8F /* SceneDelegate.swift in Sources */ = {isa = PBXBuildFile; fileRef = F1FE92C6255C834D00D75C8F /* SceneDelegate.swift */; };
		F1FE92CE255C834F00D75C8F /* Assets.xcassets in Resources */ = {isa = PBXBuildFile; fileRef = F1FE92CD255C834F00D75C8F /* Assets.xcassets */; };
		F1FE92DC255C834F00D75C8F /* InstagramCloneProjectTests.swift in Sources */ = {isa = PBXBuildFile; fileRef = F1FE92DB255C834F00D75C8F /* InstagramCloneProjectTests.swift */; };
		F1FE92E7255C834F00D75C8F /* InstagramCloneProjectUITests.swift in Sources */ = {isa = PBXBuildFile; fileRef = F1FE92E6255C834F00D75C8F /* InstagramCloneProjectUITests.swift */; };
		F1FE9304255C849300D75C8F /* OnboardViewController.swift in Sources */ = {isa = PBXBuildFile; fileRef = F1FE9303255C849300D75C8F /* OnboardViewController.swift */; };
		F1FE930F255C84C300D75C8F /* Onboard.storyboard in Resources */ = {isa = PBXBuildFile; fileRef = F1FE930E255C84C300D75C8F /* Onboard.storyboard */; };
		F1FE9314255C857300D75C8F /* Font.swift in Sources */ = {isa = PBXBuildFile; fileRef = F1FE9313255C857300D75C8F /* Font.swift */; };
		F1FE9319255D422000D75C8F /* Theme.swift in Sources */ = {isa = PBXBuildFile; fileRef = F1FE9318255D422000D75C8F /* Theme.swift */; };
		F1FE931E255D86E200D75C8F /* Localization.swift in Sources */ = {isa = PBXBuildFile; fileRef = F1FE931D255D86E200D75C8F /* Localization.swift */; };
		F1FE9327255D87E600D75C8F /* Localizable.strings in Resources */ = {isa = PBXBuildFile; fileRef = F1FE9329255D87E600D75C8F /* Localizable.strings */; };
/* End PBXBuildFile section */

/* Begin PBXContainerItemProxy section */
		F1FE92D8255C834F00D75C8F /* PBXContainerItemProxy */ = {
			isa = PBXContainerItemProxy;
			containerPortal = F1FE92B9255C834C00D75C8F /* Project object */;
			proxyType = 1;
			remoteGlobalIDString = F1FE92C0255C834D00D75C8F;
			remoteInfo = InstagramCloneProject;
		};
		F1FE92E3255C834F00D75C8F /* PBXContainerItemProxy */ = {
			isa = PBXContainerItemProxy;
			containerPortal = F1FE92B9255C834C00D75C8F /* Project object */;
			proxyType = 1;
			remoteGlobalIDString = F1FE92C0255C834D00D75C8F;
			remoteInfo = InstagramCloneProject;
		};
/* End PBXContainerItemProxy section */

/* Begin PBXFileReference section */
		F1143E922565BD730065C9EA /* SF-Compact-Display-Regular.otf */ = {isa = PBXFileReference; lastKnownFileType = file; path = "SF-Compact-Display-Regular.otf"; sourceTree = "<group>"; };
		F1143E972565BE030065C9EA /* SF-Pro-Text-Light.otf */ = {isa = PBXFileReference; lastKnownFileType = file; path = "SF-Pro-Text-Light.otf"; sourceTree = "<group>"; };
		F1143E9C2565BEC60065C9EA /* SF-Pro-Text-Regular.otf */ = {isa = PBXFileReference; lastKnownFileType = file; path = "SF-Pro-Text-Regular.otf"; sourceTree = "<group>"; };
		F1143EA12565BF0C0065C9EA /* SF-Pro-Display-Medium.otf */ = {isa = PBXFileReference; lastKnownFileType = file; path = "SF-Pro-Display-Medium.otf"; sourceTree = "<group>"; };
		F1143EA725666FF20065C9EA /* Register.storyboard */ = {isa = PBXFileReference; lastKnownFileType = file.storyboard; path = Register.storyboard; sourceTree = "<group>"; };
		F1661D232563150000A91541 /* UITextFieldThemeExtension.swift */ = {isa = PBXFileReference; lastKnownFileType = sourcecode.swift; path = UITextFieldThemeExtension.swift; sourceTree = "<group>"; };
		F1661D3F2563D9A100A91541 /* SF-Pro-Text-Semibold.otf */ = {isa = PBXFileReference; lastKnownFileType = file; path = "SF-Pro-Text-Semibold.otf"; sourceTree = "<group>"; };
		F1661D532563E05C00A91541 /* IGTextField.swift */ = {isa = PBXFileReference; lastKnownFileType = sourcecode.swift; path = IGTextField.swift; sourceTree = "<group>"; };
		F1661D5B2563E23600A91541 /* SF-Pro-Display-Regular.otf */ = {isa = PBXFileReference; lastKnownFileType = file; path = "SF-Pro-Display-Regular.otf"; sourceTree = "<group>"; };
		F1661D5C2563E23600A91541 /* SF-Pro-Display-Semibold.otf */ = {isa = PBXFileReference; lastKnownFileType = file; path = "SF-Pro-Display-Semibold.otf"; sourceTree = "<group>"; };
		F1661D5D2563E23600A91541 /* SF-Pro-Text-Medium.otf */ = {isa = PBXFileReference; lastKnownFileType = file; path = "SF-Pro-Text-Medium.otf"; sourceTree = "<group>"; };
		F19C767825694F1D006E38B9 /* RegisterCountryList.storyboard */ = {isa = PBXFileReference; lastKnownFileType = file.storyboard; path = RegisterCountryList.storyboard; sourceTree = "<group>"; };
		F19C768025694F2E006E38B9 /* RegisterCountryListViewController.swift */ = {isa = PBXFileReference; lastKnownFileType = sourcecode.swift; path = RegisterCountryListViewController.swift; sourceTree = "<group>"; };
		F19C768525694F99006E38B9 /* RegisterCountryListViewModel.swift */ = {isa = PBXFileReference; lastKnownFileType = sourcecode.swift; path = RegisterCountryListViewModel.swift; sourceTree = "<group>"; };
		F19C768A25695005006E38B9 /* RegisterCountryListViewModelDelegate.swift */ = {isa = PBXFileReference; lastKnownFileType = sourcecode.swift; path = RegisterCountryListViewModelDelegate.swift; sourceTree = "<group>"; };
		F19C768F25695117006E38B9 /* RegisterCountryPresenter.swift */ = {isa = PBXFileReference; lastKnownFileType = sourcecode.swift; path = RegisterCountryPresenter.swift; sourceTree = "<group>"; };
		F19C7694256AAC97006E38B9 /* UITableViewExtension.swift */ = {isa = PBXFileReference; lastKnownFileType = sourcecode.swift; path = UITableViewExtension.swift; sourceTree = "<group>"; };
		F19C769B256ADBAC006E38B9 /* Resource.swift */ = {isa = PBXFileReference; lastKnownFileType = sourcecode.swift; path = Resource.swift; sourceTree = "<group>"; };
		F19C76A5256ADCA9006E38B9 /* Mapper.swift */ = {isa = PBXFileReference; lastKnownFileType = sourcecode.swift; path = Mapper.swift; sourceTree = "<group>"; };
		F19C76AE256ADD54006E38B9 /* CountryListResponseModel.swift */ = {isa = PBXFileReference; lastKnownFileType = sourcecode.swift; path = CountryListResponseModel.swift; sourceTree = "<group>"; };
		F19C76B6256ADD83006E38B9 /* CountryModel.swift */ = {isa = PBXFileReference; lastKnownFileType = sourcecode.swift; path = CountryModel.swift; sourceTree = "<group>"; };
		F19C76BB256ADDC7006E38B9 /* CountryList.json */ = {isa = PBXFileReference; fileEncoding = 4; lastKnownFileType = text.json; path = CountryList.json; sourceTree = "<group>"; };
		F19C76C8256AE110006E38B9 /* RegisterCountryListHeaderFooterView.swift */ = {isa = PBXFileReference; lastKnownFileType = sourcecode.swift; path = RegisterCountryListHeaderFooterView.swift; sourceTree = "<group>"; };
		F19C76D5256AE145006E38B9 /* RegisterCountryListHeaderFooterView.xib */ = {isa = PBXFileReference; lastKnownFileType = file.xib; path = RegisterCountryListHeaderFooterView.xib; sourceTree = "<group>"; };
		F19C76DA256AE1E3006E38B9 /* RegisterCountryListTableViewCell.swift */ = {isa = PBXFileReference; lastKnownFileType = sourcecode.swift; path = RegisterCountryListTableViewCell.swift; sourceTree = "<group>"; };
		F19C76DB256AE1E3006E38B9 /* RegisterCountryListTableViewCell.xib */ = {isa = PBXFileReference; lastKnownFileType = file.xib; path = RegisterCountryListTableViewCell.xib; sourceTree = "<group>"; };
		F19C76E2256C6639006E38B9 /* RegisterCountryListDelegate.swift */ = {isa = PBXFileReference; lastKnownFileType = sourcecode.swift; path = RegisterCountryListDelegate.swift; sourceTree = "<group>"; };
		F1B374BC25617407002B4015 /* LoginViewController.swift */ = {isa = PBXFileReference; lastKnownFileType = sourcecode.swift; path = LoginViewController.swift; sourceTree = "<group>"; };
		F1B374C125617426002B4015 /* Login.storyboard */ = {isa = PBXFileReference; lastKnownFileType = file.storyboard; path = Login.storyboard; sourceTree = "<group>"; };
		F1B374C62561743D002B4015 /* LoginViewModel.swift */ = {isa = PBXFileReference; lastKnownFileType = sourcecode.swift; path = LoginViewModel.swift; sourceTree = "<group>"; };
		F1B374CB25617454002B4015 /* LoginViewModelDelegate.swift */ = {isa = PBXFileReference; lastKnownFileType = sourcecode.swift; path = LoginViewModelDelegate.swift; sourceTree = "<group>"; };
		F1B374D625617F87002B4015 /* UILabelExtension.swift */ = {isa = PBXFileReference; lastKnownFileType = sourcecode.swift; path = UILabelExtension.swift; sourceTree = "<group>"; };
		F1EEB7B22567D66600C84D35 /* RegisterViewController.swift */ = {isa = PBXFileReference; lastKnownFileType = sourcecode.swift; path = RegisterViewController.swift; sourceTree = "<group>"; };
		F1EEB7B72567D6E100C84D35 /* RegisterViewModel.swift */ = {isa = PBXFileReference; lastKnownFileType = sourcecode.swift; path = RegisterViewModel.swift; sourceTree = "<group>"; };
		F1EEB7BC2567D74700C84D35 /* RegisterViewModelDelegate.swift */ = {isa = PBXFileReference; lastKnownFileType = sourcecode.swift; path = RegisterViewModelDelegate.swift; sourceTree = "<group>"; };
		F1EEB7C22567EC9100C84D35 /* RegisterPhoneTextField.swift */ = {isa = PBXFileReference; lastKnownFileType = sourcecode.swift; path = RegisterPhoneTextField.swift; sourceTree = "<group>"; };
		F1F836D5255DA4EA00CEC655 /* UIButtonExtension.swift */ = {isa = PBXFileReference; lastKnownFileType = sourcecode.swift; path = UIButtonExtension.swift; sourceTree = "<group>"; };
		F1F836DA255DAF2200CEC655 /* UIButtonThemeExtension.swift */ = {isa = PBXFileReference; lastKnownFileType = sourcecode.swift; path = UIButtonThemeExtension.swift; sourceTree = "<group>"; };
		F1F836E8255DB1E200CEC655 /* OnboardViewModel.swift */ = {isa = PBXFileReference; lastKnownFileType = sourcecode.swift; path = OnboardViewModel.swift; sourceTree = "<group>"; };
		F1F836ED255DB26C00CEC655 /* OnboardViewModelDelegate.swift */ = {isa = PBXFileReference; lastKnownFileType = sourcecode.swift; path = OnboardViewModelDelegate.swift; sourceTree = "<group>"; };
		F1F836F6255DBB0900CEC655 /* Base */ = {isa = PBXFileReference; lastKnownFileType = file.storyboard; name = Base; path = Base.lproj/LaunchScreen.storyboard; sourceTree = "<group>"; };
		F1FE92C1255C834D00D75C8F /* InstagramCloneProject.app */ = {isa = PBXFileReference; explicitFileType = wrapper.application; includeInIndex = 0; path = InstagramCloneProject.app; sourceTree = BUILT_PRODUCTS_DIR; };
		F1FE92C4255C834D00D75C8F /* AppDelegate.swift */ = {isa = PBXFileReference; lastKnownFileType = sourcecode.swift; path = AppDelegate.swift; sourceTree = "<group>"; };
		F1FE92C6255C834D00D75C8F /* SceneDelegate.swift */ = {isa = PBXFileReference; lastKnownFileType = sourcecode.swift; path = SceneDelegate.swift; sourceTree = "<group>"; };
		F1FE92CD255C834F00D75C8F /* Assets.xcassets */ = {isa = PBXFileReference; lastKnownFileType = folder.assetcatalog; path = Assets.xcassets; sourceTree = "<group>"; };
		F1FE92D2255C834F00D75C8F /* Info.plist */ = {isa = PBXFileReference; lastKnownFileType = text.plist.xml; path = Info.plist; sourceTree = "<group>"; };
		F1FE92D7255C834F00D75C8F /* InstagramCloneProjectTests.xctest */ = {isa = PBXFileReference; explicitFileType = wrapper.cfbundle; includeInIndex = 0; path = InstagramCloneProjectTests.xctest; sourceTree = BUILT_PRODUCTS_DIR; };
		F1FE92DB255C834F00D75C8F /* InstagramCloneProjectTests.swift */ = {isa = PBXFileReference; lastKnownFileType = sourcecode.swift; path = InstagramCloneProjectTests.swift; sourceTree = "<group>"; };
		F1FE92DD255C834F00D75C8F /* Info.plist */ = {isa = PBXFileReference; lastKnownFileType = text.plist.xml; path = Info.plist; sourceTree = "<group>"; };
		F1FE92E2255C834F00D75C8F /* InstagramCloneProjectUITests.xctest */ = {isa = PBXFileReference; explicitFileType = wrapper.cfbundle; includeInIndex = 0; path = InstagramCloneProjectUITests.xctest; sourceTree = BUILT_PRODUCTS_DIR; };
		F1FE92E6255C834F00D75C8F /* InstagramCloneProjectUITests.swift */ = {isa = PBXFileReference; lastKnownFileType = sourcecode.swift; path = InstagramCloneProjectUITests.swift; sourceTree = "<group>"; };
		F1FE92E8255C834F00D75C8F /* Info.plist */ = {isa = PBXFileReference; lastKnownFileType = text.plist.xml; path = Info.plist; sourceTree = "<group>"; };
		F1FE9303255C849300D75C8F /* OnboardViewController.swift */ = {isa = PBXFileReference; lastKnownFileType = sourcecode.swift; path = OnboardViewController.swift; sourceTree = "<group>"; };
		F1FE930E255C84C300D75C8F /* Onboard.storyboard */ = {isa = PBXFileReference; lastKnownFileType = file.storyboard; path = Onboard.storyboard; sourceTree = "<group>"; };
		F1FE9313255C857300D75C8F /* Font.swift */ = {isa = PBXFileReference; lastKnownFileType = sourcecode.swift; path = Font.swift; sourceTree = "<group>"; };
		F1FE9318255D422000D75C8F /* Theme.swift */ = {isa = PBXFileReference; lastKnownFileType = sourcecode.swift; path = Theme.swift; sourceTree = "<group>"; };
		F1FE931D255D86E200D75C8F /* Localization.swift */ = {isa = PBXFileReference; lastKnownFileType = sourcecode.swift; path = Localization.swift; sourceTree = "<group>"; };
		F1FE9328255D87E600D75C8F /* en */ = {isa = PBXFileReference; lastKnownFileType = text.plist.strings; name = en; path = en.lproj/Localizable.strings; sourceTree = "<group>"; };
/* End PBXFileReference section */

/* Begin PBXFrameworksBuildPhase section */
		F1FE92BE255C834D00D75C8F /* Frameworks */ = {
			isa = PBXFrameworksBuildPhase;
			buildActionMask = 2147483647;
			files = (
			);
			runOnlyForDeploymentPostprocessing = 0;
		};
		F1FE92D4255C834F00D75C8F /* Frameworks */ = {
			isa = PBXFrameworksBuildPhase;
			buildActionMask = 2147483647;
			files = (
			);
			runOnlyForDeploymentPostprocessing = 0;
		};
		F1FE92DF255C834F00D75C8F /* Frameworks */ = {
			isa = PBXFrameworksBuildPhase;
			buildActionMask = 2147483647;
			files = (
			);
			runOnlyForDeploymentPostprocessing = 0;
		};
/* End PBXFrameworksBuildPhase section */

/* Begin PBXGroup section */
		F1143EA62565BF7C0065C9EA /* Register */ = {
			isa = PBXGroup;
			children = (
				F1143EA725666FF20065C9EA /* Register.storyboard */,
				F1EEB7B22567D66600C84D35 /* RegisterViewController.swift */,
				F1EEB7B72567D6E100C84D35 /* RegisterViewModel.swift */,
				F1EEB7BC2567D74700C84D35 /* RegisterViewModelDelegate.swift */,
				F1EEB7C22567EC9100C84D35 /* RegisterPhoneTextField.swift */,
			);
			path = Register;
			sourceTree = "<group>";
		};
		F1661D372563D84400A91541 /* Fonts */ = {
			isa = PBXGroup;
			children = (
				F1143EA12565BF0C0065C9EA /* SF-Pro-Display-Medium.otf */,
				F1143E972565BE030065C9EA /* SF-Pro-Text-Light.otf */,
				F1143E922565BD730065C9EA /* SF-Compact-Display-Regular.otf */,
				F1661D5B2563E23600A91541 /* SF-Pro-Display-Regular.otf */,
				F1661D5C2563E23600A91541 /* SF-Pro-Display-Semibold.otf */,
				F1661D5D2563E23600A91541 /* SF-Pro-Text-Medium.otf */,
				F1143E9C2565BEC60065C9EA /* SF-Pro-Text-Regular.otf */,
				F1661D3F2563D9A100A91541 /* SF-Pro-Text-Semibold.otf */,
			);
			path = Fonts;
			sourceTree = "<group>";
		};
		F1661D522563E04600A91541 /* Controls */ = {
			isa = PBXGroup;
			children = (
				F1661D532563E05C00A91541 /* IGTextField.swift */,
			);
			path = Controls;
			sourceTree = "<group>";
		};
		F19C767725694F02006E38B9 /* RegisterCountryList */ = {
			isa = PBXGroup;
			children = (
				F19C767825694F1D006E38B9 /* RegisterCountryList.storyboard */,
				F19C768025694F2E006E38B9 /* RegisterCountryListViewController.swift */,
				F19C768525694F99006E38B9 /* RegisterCountryListViewModel.swift */,
				F19C768A25695005006E38B9 /* RegisterCountryListViewModelDelegate.swift */,
				F19C768F25695117006E38B9 /* RegisterCountryPresenter.swift */,
				F19C76C8256AE110006E38B9 /* RegisterCountryListHeaderFooterView.swift */,
				F19C76D5256AE145006E38B9 /* RegisterCountryListHeaderFooterView.xib */,
				F19C76DA256AE1E3006E38B9 /* RegisterCountryListTableViewCell.swift */,
				F19C76DB256AE1E3006E38B9 /* RegisterCountryListTableViewCell.xib */,
				F19C76E2256C6639006E38B9 /* RegisterCountryListDelegate.swift */,
			);
			path = RegisterCountryList;
			sourceTree = "<group>";
		};
		F19C7699256AB027006E38B9 /* Json */ = {
			isa = PBXGroup;
			children = (
				F19C76BB256ADDC7006E38B9 /* CountryList.json */,
			);
			path = Json;
			sourceTree = "<group>";
		};
		F19C769A256ADB99006E38B9 /* Resource */ = {
			isa = PBXGroup;
			children = (
				F19C769B256ADBAC006E38B9 /* Resource.swift */,
			);
			path = Resource;
			sourceTree = "<group>";
		};
		F19C76A3256ADC8C006E38B9 /* Business */ = {
			isa = PBXGroup;
			children = (
				F19C76AD256ADD3F006E38B9 /* Model */,
				F19C76A4256ADC97006E38B9 /* Network */,
			);
			path = Business;
			sourceTree = "<group>";
		};
		F19C76A4256ADC97006E38B9 /* Network */ = {
			isa = PBXGroup;
			children = (
				F19C76A5256ADCA9006E38B9 /* Mapper.swift */,
			);
			path = Network;
			sourceTree = "<group>";
		};
		F19C76AD256ADD3F006E38B9 /* Model */ = {
			isa = PBXGroup;
			children = (
				F19C76AE256ADD54006E38B9 /* CountryListResponseModel.swift */,
				F19C76B6256ADD83006E38B9 /* CountryModel.swift */,
			);
			path = Model;
			sourceTree = "<group>";
		};
		F1B374BB256173EE002B4015 /* Login */ = {
			isa = PBXGroup;
			children = (
				F1B374C125617426002B4015 /* Login.storyboard */,
				F1B374BC25617407002B4015 /* LoginViewController.swift */,
				F1B374C62561743D002B4015 /* LoginViewModel.swift */,
				F1B374CB25617454002B4015 /* LoginViewModelDelegate.swift */,
			);
			path = Login;
			sourceTree = "<group>";
		};
		F1FE92B8255C834C00D75C8F = {
			isa = PBXGroup;
			children = (
				F1FE92C3255C834D00D75C8F /* InstagramCloneProject */,
				F1FE92DA255C834F00D75C8F /* InstagramCloneProjectTests */,
				F1FE92E5255C834F00D75C8F /* InstagramCloneProjectUITests */,
				F1FE92C2255C834D00D75C8F /* Products */,
			);
			sourceTree = "<group>";
		};
		F1FE92C2255C834D00D75C8F /* Products */ = {
			isa = PBXGroup;
			children = (
				F1FE92C1255C834D00D75C8F /* InstagramCloneProject.app */,
				F1FE92D7255C834F00D75C8F /* InstagramCloneProjectTests.xctest */,
				F1FE92E2255C834F00D75C8F /* InstagramCloneProjectUITests.xctest */,
			);
			name = Products;
			sourceTree = "<group>";
		};
		F1FE92C3255C834D00D75C8F /* InstagramCloneProject */ = {
			isa = PBXGroup;
			children = (
				F19C76A3256ADC8C006E38B9 /* Business */,
				F1FE9301255C842A00D75C8F /* Resources */,
				F1FE92FE255C840700D75C8F /* Screens */,
				F1FE92FB255C83DB00D75C8F /* Presentations */,
				F1FE92F9255C83BD00D75C8F /* Common */,
				F1FE92F7255C83AD00D75C8F /* Applications */,
				F1FE92CD255C834F00D75C8F /* Assets.xcassets */,
				F1FE92D2255C834F00D75C8F /* Info.plist */,
			);
			path = InstagramCloneProject;
			sourceTree = "<group>";
		};
		F1FE92DA255C834F00D75C8F /* InstagramCloneProjectTests */ = {
			isa = PBXGroup;
			children = (
				F1FE92DB255C834F00D75C8F /* InstagramCloneProjectTests.swift */,
				F1FE92DD255C834F00D75C8F /* Info.plist */,
			);
			path = InstagramCloneProjectTests;
			sourceTree = "<group>";
		};
		F1FE92E5255C834F00D75C8F /* InstagramCloneProjectUITests */ = {
			isa = PBXGroup;
			children = (
				F1FE92E6255C834F00D75C8F /* InstagramCloneProjectUITests.swift */,
				F1FE92E8255C834F00D75C8F /* Info.plist */,
			);
			path = InstagramCloneProjectUITests;
			sourceTree = "<group>";
		};
		F1FE92F7255C83AD00D75C8F /* Applications */ = {
			isa = PBXGroup;
			children = (
				F1FE92F8255C83B600D75C8F /* App */,
				F1FE92C6255C834D00D75C8F /* SceneDelegate.swift */,
			);
			path = Applications;
			sourceTree = "<group>";
		};
		F1FE92F8255C83B600D75C8F /* App */ = {
			isa = PBXGroup;
			children = (
				F1FE92C4255C834D00D75C8F /* AppDelegate.swift */,
			);
			path = App;
			sourceTree = "<group>";
		};
		F1FE92F9255C83BD00D75C8F /* Common */ = {
			isa = PBXGroup;
			children = (
				F19C769A256ADB99006E38B9 /* Resource */,
				F1FE92FA255C83C500D75C8F /* Localization */,
			);
			path = Common;
			sourceTree = "<group>";
		};
		F1FE92FA255C83C500D75C8F /* Localization */ = {
			isa = PBXGroup;
			children = (
				F1FE931D255D86E200D75C8F /* Localization.swift */,
			);
			path = Localization;
			sourceTree = "<group>";
		};
		F1FE92FB255C83DB00D75C8F /* Presentations */ = {
			isa = PBXGroup;
			children = (
				F1661D522563E04600A91541 /* Controls */,
				F1FE92FD255C83FB00D75C8F /* Extensions */,
				F1FE92FC255C83F200D75C8F /* Sources */,
			);
			path = Presentations;
			sourceTree = "<group>";
		};
		F1FE92FC255C83F200D75C8F /* Sources */ = {
			isa = PBXGroup;
			children = (
				F1FE9313255C857300D75C8F /* Font.swift */,
				F1FE9318255D422000D75C8F /* Theme.swift */,
			);
			path = Sources;
			sourceTree = "<group>";
		};
		F1FE92FD255C83FB00D75C8F /* Extensions */ = {
			isa = PBXGroup;
			children = (
				F1F836D5255DA4EA00CEC655 /* UIButtonExtension.swift */,
				F1F836DA255DAF2200CEC655 /* UIButtonThemeExtension.swift */,
				F1B374D625617F87002B4015 /* UILabelExtension.swift */,
				F1661D232563150000A91541 /* UITextFieldThemeExtension.swift */,
				F19C7694256AAC97006E38B9 /* UITableViewExtension.swift */,
			);
			path = Extensions;
			sourceTree = "<group>";
		};
		F1FE92FE255C840700D75C8F /* Screens */ = {
			isa = PBXGroup;
			children = (
				F19C767725694F02006E38B9 /* RegisterCountryList */,
				F1143EA62565BF7C0065C9EA /* Register */,
				F1B374BB256173EE002B4015 /* Login */,
				F1FE92FF255C840C00D75C8F /* Onboard */,
				F1FE9300255C841100D75C8F /* Launch */,
			);
			path = Screens;
			sourceTree = "<group>";
		};
		F1FE92FF255C840C00D75C8F /* Onboard */ = {
			isa = PBXGroup;
			children = (
				F1FE930E255C84C300D75C8F /* Onboard.storyboard */,
				F1FE9303255C849300D75C8F /* OnboardViewController.swift */,
				F1F836E8255DB1E200CEC655 /* OnboardViewModel.swift */,
				F1F836ED255DB26C00CEC655 /* OnboardViewModelDelegate.swift */,
			);
			path = Onboard;
			sourceTree = "<group>";
		};
		F1FE9300255C841100D75C8F /* Launch */ = {
			isa = PBXGroup;
			children = (
				F1F836F5255DBB0900CEC655 /* LaunchScreen.storyboard */,
			);
			path = Launch;
			sourceTree = "<group>";
		};
		F1FE9301255C842A00D75C8F /* Resources */ = {
			isa = PBXGroup;
			children = (
				F19C7699256AB027006E38B9 /* Json */,
				F1661D372563D84400A91541 /* Fonts */,
				F1FE9302255C843000D75C8F /* Strings */,
			);
			path = Resources;
			sourceTree = "<group>";
		};
		F1FE9302255C843000D75C8F /* Strings */ = {
			isa = PBXGroup;
			children = (
				F1FE9329255D87E600D75C8F /* Localizable.strings */,
			);
			path = Strings;
			sourceTree = "<group>";
		};
/* End PBXGroup section */

/* Begin PBXNativeTarget section */
		F1FE92C0255C834D00D75C8F /* InstagramCloneProject */ = {
			isa = PBXNativeTarget;
			buildConfigurationList = F1FE92EB255C834F00D75C8F /* Build configuration list for PBXNativeTarget "InstagramCloneProject" */;
			buildPhases = (
				F1FE92BD255C834D00D75C8F /* Sources */,
				F1FE92BE255C834D00D75C8F /* Frameworks */,
				F1FE92BF255C834D00D75C8F /* Resources */,
			);
			buildRules = (
			);
			dependencies = (
			);
			name = InstagramCloneProject;
			productName = InstagramCloneProject;
			productReference = F1FE92C1255C834D00D75C8F /* InstagramCloneProject.app */;
			productType = "com.apple.product-type.application";
		};
		F1FE92D6255C834F00D75C8F /* InstagramCloneProjectTests */ = {
			isa = PBXNativeTarget;
			buildConfigurationList = F1FE92EE255C834F00D75C8F /* Build configuration list for PBXNativeTarget "InstagramCloneProjectTests" */;
			buildPhases = (
				F1FE92D3255C834F00D75C8F /* Sources */,
				F1FE92D4255C834F00D75C8F /* Frameworks */,
				F1FE92D5255C834F00D75C8F /* Resources */,
			);
			buildRules = (
			);
			dependencies = (
				F1FE92D9255C834F00D75C8F /* PBXTargetDependency */,
			);
			name = InstagramCloneProjectTests;
			productName = InstagramCloneProjectTests;
			productReference = F1FE92D7255C834F00D75C8F /* InstagramCloneProjectTests.xctest */;
			productType = "com.apple.product-type.bundle.unit-test";
		};
		F1FE92E1255C834F00D75C8F /* InstagramCloneProjectUITests */ = {
			isa = PBXNativeTarget;
			buildConfigurationList = F1FE92F1255C834F00D75C8F /* Build configuration list for PBXNativeTarget "InstagramCloneProjectUITests" */;
			buildPhases = (
				F1FE92DE255C834F00D75C8F /* Sources */,
				F1FE92DF255C834F00D75C8F /* Frameworks */,
				F1FE92E0255C834F00D75C8F /* Resources */,
			);
			buildRules = (
			);
			dependencies = (
				F1FE92E4255C834F00D75C8F /* PBXTargetDependency */,
			);
			name = InstagramCloneProjectUITests;
			productName = InstagramCloneProjectUITests;
			productReference = F1FE92E2255C834F00D75C8F /* InstagramCloneProjectUITests.xctest */;
			productType = "com.apple.product-type.bundle.ui-testing";
		};
/* End PBXNativeTarget section */

/* Begin PBXProject section */
		F1FE92B9255C834C00D75C8F /* Project object */ = {
			isa = PBXProject;
			attributes = {
				LastSwiftUpdateCheck = 1210;
				LastUpgradeCheck = 1210;
				TargetAttributes = {
					F1FE92C0255C834D00D75C8F = {
						CreatedOnToolsVersion = 12.1;
					};
					F1FE92D6255C834F00D75C8F = {
						CreatedOnToolsVersion = 12.1;
						TestTargetID = F1FE92C0255C834D00D75C8F;
					};
					F1FE92E1255C834F00D75C8F = {
						CreatedOnToolsVersion = 12.1;
						TestTargetID = F1FE92C0255C834D00D75C8F;
					};
				};
			};
			buildConfigurationList = F1FE92BC255C834C00D75C8F /* Build configuration list for PBXProject "InstagramCloneProject" */;
			compatibilityVersion = "Xcode 9.3";
			developmentRegion = en;
			hasScannedForEncodings = 0;
			knownRegions = (
				en,
				Base,
			);
			mainGroup = F1FE92B8255C834C00D75C8F;
			productRefGroup = F1FE92C2255C834D00D75C8F /* Products */;
			projectDirPath = "";
			projectRoot = "";
			targets = (
				F1FE92C0255C834D00D75C8F /* InstagramCloneProject */,
				F1FE92D6255C834F00D75C8F /* InstagramCloneProjectTests */,
				F1FE92E1255C834F00D75C8F /* InstagramCloneProjectUITests */,
			);
		};
/* End PBXProject section */

/* Begin PBXResourcesBuildPhase section */
		F1FE92BF255C834D00D75C8F /* Resources */ = {
			isa = PBXResourcesBuildPhase;
			buildActionMask = 2147483647;
			files = (
				F1143E982565BE030065C9EA /* SF-Pro-Text-Light.otf in Resources */,
				F19C76DD256AE1E4006E38B9 /* RegisterCountryListTableViewCell.xib in Resources */,
				F1143E932565BD730065C9EA /* SF-Compact-Display-Regular.otf in Resources */,
				F1661D5F2563E23600A91541 /* SF-Pro-Display-Semibold.otf in Resources */,
				F1143EA22565BF0C0065C9EA /* SF-Pro-Display-Medium.otf in Resources */,
				F1661D402563D9A100A91541 /* SF-Pro-Text-Semibold.otf in Resources */,
				F1FE9327255D87E600D75C8F /* Localizable.strings in Resources */,
				F1B374C225617426002B4015 /* Login.storyboard in Resources */,
				F1143E9D2565BEC60065C9EA /* SF-Pro-Text-Regular.otf in Resources */,
				F19C76BC256ADDC7006E38B9 /* CountryList.json in Resources */,
				F19C767925694F1D006E38B9 /* RegisterCountryList.storyboard in Resources */,
				F1FE930F255C84C300D75C8F /* Onboard.storyboard in Resources */,
				F1143EA825666FF20065C9EA /* Register.storyboard in Resources */,
				F1F836F7255DBB0900CEC655 /* LaunchScreen.storyboard in Resources */,
				F19C76D6256AE145006E38B9 /* RegisterCountryListHeaderFooterView.xib in Resources */,
				F1661D5E2563E23600A91541 /* SF-Pro-Display-Regular.otf in Resources */,
				F1FE92CE255C834F00D75C8F /* Assets.xcassets in Resources */,
				F1661D602563E23600A91541 /* SF-Pro-Text-Medium.otf in Resources */,
			);
			runOnlyForDeploymentPostprocessing = 0;
		};
		F1FE92D5255C834F00D75C8F /* Resources */ = {
			isa = PBXResourcesBuildPhase;
			buildActionMask = 2147483647;
			files = (
			);
			runOnlyForDeploymentPostprocessing = 0;
		};
		F1FE92E0255C834F00D75C8F /* Resources */ = {
			isa = PBXResourcesBuildPhase;
			buildActionMask = 2147483647;
			files = (
			);
			runOnlyForDeploymentPostprocessing = 0;
		};
/* End PBXResourcesBuildPhase section */

/* Begin PBXSourcesBuildPhase section */
		F1FE92BD255C834D00D75C8F /* Sources */ = {
			isa = PBXSourcesBuildPhase;
			buildActionMask = 2147483647;
			files = (
				F19C768B25695005006E38B9 /* RegisterCountryListViewModelDelegate.swift in Sources */,
				F1B374CC25617454002B4015 /* LoginViewModelDelegate.swift in Sources */,
				F19C769025695117006E38B9 /* RegisterCountryPresenter.swift in Sources */,
				F1FE9314255C857300D75C8F /* Font.swift in Sources */,
				F19C76E3256C6639006E38B9 /* RegisterCountryListDelegate.swift in Sources */,
				F19C768625694F99006E38B9 /* RegisterCountryListViewModel.swift in Sources */,
				F1F836E9255DB1E200CEC655 /* OnboardViewModel.swift in Sources */,
				F1F836DB255DAF2200CEC655 /* UIButtonThemeExtension.swift in Sources */,
				F1EEB7BD2567D74700C84D35 /* RegisterViewModelDelegate.swift in Sources */,
				F1B374D725617F87002B4015 /* UILabelExtension.swift in Sources */,
				F19C76AF256ADD54006E38B9 /* CountryListResponseModel.swift in Sources */,
				F1661D542563E05C00A91541 /* IGTextField.swift in Sources */,
				F19C76DC256AE1E4006E38B9 /* RegisterCountryListTableViewCell.swift in Sources */,
				F1FE92C5255C834D00D75C8F /* AppDelegate.swift in Sources */,
				F19C7695256AAC97006E38B9 /* UITableViewExtension.swift in Sources */,
				F1EEB7B82567D6E100C84D35 /* RegisterViewModel.swift in Sources */,
				F19C76A6256ADCA9006E38B9 /* Mapper.swift in Sources */,
				F19C769C256ADBAC006E38B9 /* Resource.swift in Sources */,
				F1661D242563150000A91541 /* UITextFieldThemeExtension.swift in Sources */,
				F19C768125694F2E006E38B9 /* RegisterCountryListViewController.swift in Sources */,
				F1FE931E255D86E200D75C8F /* Localization.swift in Sources */,
				F1FE9319255D422000D75C8F /* Theme.swift in Sources */,
				F1F836D6255DA4EA00CEC655 /* UIButtonExtension.swift in Sources */,
				F19C76B7256ADD83006E38B9 /* CountryModel.swift in Sources */,
				F1FE9304255C849300D75C8F /* OnboardViewController.swift in Sources */,
				F1B374C72561743D002B4015 /* LoginViewModel.swift in Sources */,
				F1EEB7C32567EC9100C84D35 /* RegisterPhoneTextField.swift in Sources */,
				F1EEB7B32567D66600C84D35 /* RegisterViewController.swift in Sources */,
				F19C76C9256AE110006E38B9 /* RegisterCountryListHeaderFooterView.swift in Sources */,
				F1FE92C7255C834D00D75C8F /* SceneDelegate.swift in Sources */,
				F1F836EE255DB26C00CEC655 /* OnboardViewModelDelegate.swift in Sources */,
				F1B374BD25617407002B4015 /* LoginViewController.swift in Sources */,
			);
			runOnlyForDeploymentPostprocessing = 0;
		};
		F1FE92D3255C834F00D75C8F /* Sources */ = {
			isa = PBXSourcesBuildPhase;
			buildActionMask = 2147483647;
			files = (
				F1FE92DC255C834F00D75C8F /* InstagramCloneProjectTests.swift in Sources */,
			);
			runOnlyForDeploymentPostprocessing = 0;
		};
		F1FE92DE255C834F00D75C8F /* Sources */ = {
			isa = PBXSourcesBuildPhase;
			buildActionMask = 2147483647;
			files = (
				F1FE92E7255C834F00D75C8F /* InstagramCloneProjectUITests.swift in Sources */,
			);
			runOnlyForDeploymentPostprocessing = 0;
		};
/* End PBXSourcesBuildPhase section */

/* Begin PBXTargetDependency section */
		F1FE92D9255C834F00D75C8F /* PBXTargetDependency */ = {
			isa = PBXTargetDependency;
			target = F1FE92C0255C834D00D75C8F /* InstagramCloneProject */;
			targetProxy = F1FE92D8255C834F00D75C8F /* PBXContainerItemProxy */;
		};
		F1FE92E4255C834F00D75C8F /* PBXTargetDependency */ = {
			isa = PBXTargetDependency;
			target = F1FE92C0255C834D00D75C8F /* InstagramCloneProject */;
			targetProxy = F1FE92E3255C834F00D75C8F /* PBXContainerItemProxy */;
		};
/* End PBXTargetDependency section */

/* Begin PBXVariantGroup section */
		F1F836F5255DBB0900CEC655 /* LaunchScreen.storyboard */ = {
			isa = PBXVariantGroup;
			children = (
				F1F836F6255DBB0900CEC655 /* Base */,
			);
			name = LaunchScreen.storyboard;
			sourceTree = "<group>";
		};
		F1FE9329255D87E600D75C8F /* Localizable.strings */ = {
			isa = PBXVariantGroup;
			children = (
				F1FE9328255D87E600D75C8F /* en */,
			);
			name = Localizable.strings;
			sourceTree = "<group>";
		};
/* End PBXVariantGroup section */

/* Begin XCBuildConfiguration section */
		F1FE92E9255C834F00D75C8F /* Debug */ = {
			isa = XCBuildConfiguration;
			buildSettings = {
				ALWAYS_SEARCH_USER_PATHS = NO;
				CLANG_ANALYZER_NONNULL = YES;
				CLANG_ANALYZER_NUMBER_OBJECT_CONVERSION = YES_AGGRESSIVE;
				CLANG_CXX_LANGUAGE_STANDARD = "gnu++14";
				CLANG_CXX_LIBRARY = "libc++";
				CLANG_ENABLE_MODULES = YES;
				CLANG_ENABLE_OBJC_ARC = YES;
				CLANG_ENABLE_OBJC_WEAK = YES;
				CLANG_WARN_BLOCK_CAPTURE_AUTORELEASING = YES;
				CLANG_WARN_BOOL_CONVERSION = YES;
				CLANG_WARN_COMMA = YES;
				CLANG_WARN_CONSTANT_CONVERSION = YES;
				CLANG_WARN_DEPRECATED_OBJC_IMPLEMENTATIONS = YES;
				CLANG_WARN_DIRECT_OBJC_ISA_USAGE = YES_ERROR;
				CLANG_WARN_DOCUMENTATION_COMMENTS = YES;
				CLANG_WARN_EMPTY_BODY = YES;
				CLANG_WARN_ENUM_CONVERSION = YES;
				CLANG_WARN_INFINITE_RECURSION = YES;
				CLANG_WARN_INT_CONVERSION = YES;
				CLANG_WARN_NON_LITERAL_NULL_CONVERSION = YES;
				CLANG_WARN_OBJC_IMPLICIT_RETAIN_SELF = YES;
				CLANG_WARN_OBJC_LITERAL_CONVERSION = YES;
				CLANG_WARN_OBJC_ROOT_CLASS = YES_ERROR;
				CLANG_WARN_QUOTED_INCLUDE_IN_FRAMEWORK_HEADER = YES;
				CLANG_WARN_RANGE_LOOP_ANALYSIS = YES;
				CLANG_WARN_STRICT_PROTOTYPES = YES;
				CLANG_WARN_SUSPICIOUS_MOVE = YES;
				CLANG_WARN_UNGUARDED_AVAILABILITY = YES_AGGRESSIVE;
				CLANG_WARN_UNREACHABLE_CODE = YES;
				CLANG_WARN__DUPLICATE_METHOD_MATCH = YES;
				COPY_PHASE_STRIP = NO;
				DEBUG_INFORMATION_FORMAT = dwarf;
				ENABLE_STRICT_OBJC_MSGSEND = YES;
				ENABLE_TESTABILITY = YES;
				GCC_C_LANGUAGE_STANDARD = gnu11;
				GCC_DYNAMIC_NO_PIC = NO;
				GCC_NO_COMMON_BLOCKS = YES;
				GCC_OPTIMIZATION_LEVEL = 0;
				GCC_PREPROCESSOR_DEFINITIONS = (
					"DEBUG=1",
					"$(inherited)",
				);
				GCC_WARN_64_TO_32_BIT_CONVERSION = YES;
				GCC_WARN_ABOUT_RETURN_TYPE = YES_ERROR;
				GCC_WARN_UNDECLARED_SELECTOR = YES;
				GCC_WARN_UNINITIALIZED_AUTOS = YES_AGGRESSIVE;
				GCC_WARN_UNUSED_FUNCTION = YES;
				GCC_WARN_UNUSED_VARIABLE = YES;
				IPHONEOS_DEPLOYMENT_TARGET = 14.1;
				MTL_ENABLE_DEBUG_INFO = INCLUDE_SOURCE;
				MTL_FAST_MATH = YES;
				ONLY_ACTIVE_ARCH = YES;
				SDKROOT = iphoneos;
				SWIFT_ACTIVE_COMPILATION_CONDITIONS = DEBUG;
				SWIFT_OPTIMIZATION_LEVEL = "-Onone";
			};
			name = Debug;
		};
		F1FE92EA255C834F00D75C8F /* Release */ = {
			isa = XCBuildConfiguration;
			buildSettings = {
				ALWAYS_SEARCH_USER_PATHS = NO;
				CLANG_ANALYZER_NONNULL = YES;
				CLANG_ANALYZER_NUMBER_OBJECT_CONVERSION = YES_AGGRESSIVE;
				CLANG_CXX_LANGUAGE_STANDARD = "gnu++14";
				CLANG_CXX_LIBRARY = "libc++";
				CLANG_ENABLE_MODULES = YES;
				CLANG_ENABLE_OBJC_ARC = YES;
				CLANG_ENABLE_OBJC_WEAK = YES;
				CLANG_WARN_BLOCK_CAPTURE_AUTORELEASING = YES;
				CLANG_WARN_BOOL_CONVERSION = YES;
				CLANG_WARN_COMMA = YES;
				CLANG_WARN_CONSTANT_CONVERSION = YES;
				CLANG_WARN_DEPRECATED_OBJC_IMPLEMENTATIONS = YES;
				CLANG_WARN_DIRECT_OBJC_ISA_USAGE = YES_ERROR;
				CLANG_WARN_DOCUMENTATION_COMMENTS = YES;
				CLANG_WARN_EMPTY_BODY = YES;
				CLANG_WARN_ENUM_CONVERSION = YES;
				CLANG_WARN_INFINITE_RECURSION = YES;
				CLANG_WARN_INT_CONVERSION = YES;
				CLANG_WARN_NON_LITERAL_NULL_CONVERSION = YES;
				CLANG_WARN_OBJC_IMPLICIT_RETAIN_SELF = YES;
				CLANG_WARN_OBJC_LITERAL_CONVERSION = YES;
				CLANG_WARN_OBJC_ROOT_CLASS = YES_ERROR;
				CLANG_WARN_QUOTED_INCLUDE_IN_FRAMEWORK_HEADER = YES;
				CLANG_WARN_RANGE_LOOP_ANALYSIS = YES;
				CLANG_WARN_STRICT_PROTOTYPES = YES;
				CLANG_WARN_SUSPICIOUS_MOVE = YES;
				CLANG_WARN_UNGUARDED_AVAILABILITY = YES_AGGRESSIVE;
				CLANG_WARN_UNREACHABLE_CODE = YES;
				CLANG_WARN__DUPLICATE_METHOD_MATCH = YES;
				COPY_PHASE_STRIP = NO;
				DEBUG_INFORMATION_FORMAT = "dwarf-with-dsym";
				ENABLE_NS_ASSERTIONS = NO;
				ENABLE_STRICT_OBJC_MSGSEND = YES;
				GCC_C_LANGUAGE_STANDARD = gnu11;
				GCC_NO_COMMON_BLOCKS = YES;
				GCC_WARN_64_TO_32_BIT_CONVERSION = YES;
				GCC_WARN_ABOUT_RETURN_TYPE = YES_ERROR;
				GCC_WARN_UNDECLARED_SELECTOR = YES;
				GCC_WARN_UNINITIALIZED_AUTOS = YES_AGGRESSIVE;
				GCC_WARN_UNUSED_FUNCTION = YES;
				GCC_WARN_UNUSED_VARIABLE = YES;
				IPHONEOS_DEPLOYMENT_TARGET = 14.1;
				MTL_ENABLE_DEBUG_INFO = NO;
				MTL_FAST_MATH = YES;
				SDKROOT = iphoneos;
				SWIFT_COMPILATION_MODE = wholemodule;
				SWIFT_OPTIMIZATION_LEVEL = "-O";
				VALIDATE_PRODUCT = YES;
			};
			name = Release;
		};
		F1FE92EC255C834F00D75C8F /* Debug */ = {
			isa = XCBuildConfiguration;
			buildSettings = {
				ASSETCATALOG_COMPILER_APPICON_NAME = AppIcon;
				ASSETCATALOG_COMPILER_GLOBAL_ACCENT_COLOR_NAME = AccentColor;
				CODE_SIGN_STYLE = Automatic;
				DEVELOPMENT_TEAM = Z3HAHS6D24;
				INFOPLIST_FILE = InstagramCloneProject/Info.plist;
				LD_RUNPATH_SEARCH_PATHS = (
					"$(inherited)",
					"@executable_path/Frameworks",
				);
				PRODUCT_BUNDLE_IDENTIFIER = drus.InstagramCloneProject;
				PRODUCT_NAME = "$(TARGET_NAME)";
				SWIFT_VERSION = 5.0;
				TARGETED_DEVICE_FAMILY = "1,2";
			};
			name = Debug;
		};
		F1FE92ED255C834F00D75C8F /* Release */ = {
			isa = XCBuildConfiguration;
			buildSettings = {
				ASSETCATALOG_COMPILER_APPICON_NAME = AppIcon;
				ASSETCATALOG_COMPILER_GLOBAL_ACCENT_COLOR_NAME = AccentColor;
				CODE_SIGN_STYLE = Automatic;
				DEVELOPMENT_TEAM = Z3HAHS6D24;
				INFOPLIST_FILE = InstagramCloneProject/Info.plist;
				LD_RUNPATH_SEARCH_PATHS = (
					"$(inherited)",
					"@executable_path/Frameworks",
				);
				PRODUCT_BUNDLE_IDENTIFIER = drus.InstagramCloneProject;
				PRODUCT_NAME = "$(TARGET_NAME)";
				SWIFT_VERSION = 5.0;
				TARGETED_DEVICE_FAMILY = "1,2";
			};
			name = Release;
		};
		F1FE92EF255C834F00D75C8F /* Debug */ = {
			isa = XCBuildConfiguration;
			buildSettings = {
				ALWAYS_EMBED_SWIFT_STANDARD_LIBRARIES = YES;
				BUNDLE_LOADER = "$(TEST_HOST)";
				CODE_SIGN_STYLE = Automatic;
				DEVELOPMENT_TEAM = Z3HAHS6D24;
				INFOPLIST_FILE = InstagramCloneProjectTests/Info.plist;
				IPHONEOS_DEPLOYMENT_TARGET = 14.1;
				LD_RUNPATH_SEARCH_PATHS = (
					"$(inherited)",
					"@executable_path/Frameworks",
					"@loader_path/Frameworks",
				);
				PRODUCT_BUNDLE_IDENTIFIER = drus.InstagramCloneProjectTests;
				PRODUCT_NAME = "$(TARGET_NAME)";
				SWIFT_VERSION = 5.0;
				TARGETED_DEVICE_FAMILY = "1,2";
				TEST_HOST = "$(BUILT_PRODUCTS_DIR)/InstagramCloneProject.app/InstagramCloneProject";
			};
			name = Debug;
		};
		F1FE92F0255C834F00D75C8F /* Release */ = {
			isa = XCBuildConfiguration;
			buildSettings = {
				ALWAYS_EMBED_SWIFT_STANDARD_LIBRARIES = YES;
				BUNDLE_LOADER = "$(TEST_HOST)";
				CODE_SIGN_STYLE = Automatic;
				DEVELOPMENT_TEAM = Z3HAHS6D24;
				INFOPLIST_FILE = InstagramCloneProjectTests/Info.plist;
				IPHONEOS_DEPLOYMENT_TARGET = 14.1;
				LD_RUNPATH_SEARCH_PATHS = (
					"$(inherited)",
					"@executable_path/Frameworks",
					"@loader_path/Frameworks",
				);
				PRODUCT_BUNDLE_IDENTIFIER = drus.InstagramCloneProjectTests;
				PRODUCT_NAME = "$(TARGET_NAME)";
				SWIFT_VERSION = 5.0;
				TARGETED_DEVICE_FAMILY = "1,2";
				TEST_HOST = "$(BUILT_PRODUCTS_DIR)/InstagramCloneProject.app/InstagramCloneProject";
			};
			name = Release;
		};
		F1FE92F2255C834F00D75C8F /* Debug */ = {
			isa = XCBuildConfiguration;
			buildSettings = {
				ALWAYS_EMBED_SWIFT_STANDARD_LIBRARIES = YES;
				CODE_SIGN_STYLE = Automatic;
				DEVELOPMENT_TEAM = Z3HAHS6D24;
				INFOPLIST_FILE = InstagramCloneProjectUITests/Info.plist;
				LD_RUNPATH_SEARCH_PATHS = (
					"$(inherited)",
					"@executable_path/Frameworks",
					"@loader_path/Frameworks",
				);
				PRODUCT_BUNDLE_IDENTIFIER = drus.InstagramCloneProjectUITests;
				PRODUCT_NAME = "$(TARGET_NAME)";
				SWIFT_VERSION = 5.0;
				TARGETED_DEVICE_FAMILY = "1,2";
				TEST_TARGET_NAME = InstagramCloneProject;
			};
			name = Debug;
		};
		F1FE92F3255C834F00D75C8F /* Release */ = {
			isa = XCBuildConfiguration;
			buildSettings = {
				ALWAYS_EMBED_SWIFT_STANDARD_LIBRARIES = YES;
				CODE_SIGN_STYLE = Automatic;
				DEVELOPMENT_TEAM = Z3HAHS6D24;
				INFOPLIST_FILE = InstagramCloneProjectUITests/Info.plist;
				LD_RUNPATH_SEARCH_PATHS = (
					"$(inherited)",
					"@executable_path/Frameworks",
					"@loader_path/Frameworks",
				);
				PRODUCT_BUNDLE_IDENTIFIER = drus.InstagramCloneProjectUITests;
				PRODUCT_NAME = "$(TARGET_NAME)";
				SWIFT_VERSION = 5.0;
				TARGETED_DEVICE_FAMILY = "1,2";
				TEST_TARGET_NAME = InstagramCloneProject;
			};
			name = Release;
		};
/* End XCBuildConfiguration section */

/* Begin XCConfigurationList section */
		F1FE92BC255C834C00D75C8F /* Build configuration list for PBXProject "InstagramCloneProject" */ = {
			isa = XCConfigurationList;
			buildConfigurations = (
				F1FE92E9255C834F00D75C8F /* Debug */,
				F1FE92EA255C834F00D75C8F /* Release */,
			);
			defaultConfigurationIsVisible = 0;
			defaultConfigurationName = Release;
		};
		F1FE92EB255C834F00D75C8F /* Build configuration list for PBXNativeTarget "InstagramCloneProject" */ = {
			isa = XCConfigurationList;
			buildConfigurations = (
				F1FE92EC255C834F00D75C8F /* Debug */,
				F1FE92ED255C834F00D75C8F /* Release */,
			);
			defaultConfigurationIsVisible = 0;
			defaultConfigurationName = Release;
		};
		F1FE92EE255C834F00D75C8F /* Build configuration list for PBXNativeTarget "InstagramCloneProjectTests" */ = {
			isa = XCConfigurationList;
			buildConfigurations = (
				F1FE92EF255C834F00D75C8F /* Debug */,
				F1FE92F0255C834F00D75C8F /* Release */,
			);
			defaultConfigurationIsVisible = 0;
			defaultConfigurationName = Release;
		};
		F1FE92F1255C834F00D75C8F /* Build configuration list for PBXNativeTarget "InstagramCloneProjectUITests" */ = {
			isa = XCConfigurationList;
			buildConfigurations = (
				F1FE92F2255C834F00D75C8F /* Debug */,
				F1FE92F3255C834F00D75C8F /* Release */,
			);
			defaultConfigurationIsVisible = 0;
			defaultConfigurationName = Release;
		};
/* End XCConfigurationList section */
	};
	rootObject = F1FE92B9255C834C00D75C8F /* Project object */;
}
